// !$*UTF8*$!
{
	archiveVersion = 1;
	classes = {
	};
	objectVersion = 46;
	objects = {

/* Begin PBXBuildFile section */
		1D606F951BEF9E4C0029ADE4 /* AppDelegate.swift in Sources */ = {isa = PBXBuildFile; fileRef = 1D606F941BEF9E4C0029ADE4 /* AppDelegate.swift */; };
		1D606F971BEF9E4C0029ADE4 /* ViewController.swift in Sources */ = {isa = PBXBuildFile; fileRef = 1D606F961BEF9E4C0029ADE4 /* ViewController.swift */; };
		1D606F9A1BEF9E4C0029ADE4 /* Main.storyboard in Resources */ = {isa = PBXBuildFile; fileRef = 1D606F981BEF9E4C0029ADE4 /* Main.storyboard */; };
		1D606F9D1BEF9E4C0029ADE4 /* Joseph_Warmup_01.xcdatamodeld in Sources */ = {isa = PBXBuildFile; fileRef = 1D606F9B1BEF9E4C0029ADE4 /* Joseph_Warmup_01.xcdatamodeld */; };
		1D606F9F1BEF9E4C0029ADE4 /* Assets.xcassets in Resources */ = {isa = PBXBuildFile; fileRef = 1D606F9E1BEF9E4C0029ADE4 /* Assets.xcassets */; };
		1D606FA21BEF9E4C0029ADE4 /* LaunchScreen.storyboard in Resources */ = {isa = PBXBuildFile; fileRef = 1D606FA01BEF9E4C0029ADE4 /* LaunchScreen.storyboard */; };
		1D606FAD1BEF9E4C0029ADE4 /* Joseph_Warmup_01Tests.swift in Sources */ = {isa = PBXBuildFile; fileRef = 1D606FAC1BEF9E4C0029ADE4 /* Joseph_Warmup_01Tests.swift */; };
		1D606FB81BEF9E4C0029ADE4 /* Joseph_Warmup_01UITests.swift in Sources */ = {isa = PBXBuildFile; fileRef = 1D606FB71BEF9E4C0029ADE4 /* Joseph_Warmup_01UITests.swift */; };
/* End PBXBuildFile section */

/* Begin PBXContainerItemProxy section */
		1D606FA91BEF9E4C0029ADE4 /* PBXContainerItemProxy */ = {
			isa = PBXContainerItemProxy;
			containerPortal = 1D606F891BEF9E4C0029ADE4 /* Project object */;
			proxyType = 1;
			remoteGlobalIDString = 1D606F901BEF9E4C0029ADE4;
			remoteInfo = "Joseph Warmup 01";
		};
		1D606FB41BEF9E4C0029ADE4 /* PBXContainerItemProxy */ = {
			isa = PBXContainerItemProxy;
			containerPortal = 1D606F891BEF9E4C0029ADE4 /* Project object */;
			proxyType = 1;
			remoteGlobalIDString = 1D606F901BEF9E4C0029ADE4;
			remoteInfo = "Joseph Warmup 01";
		};
/* End PBXContainerItemProxy section */

/* Begin PBXFileReference section */
		1D606F911BEF9E4C0029ADE4 /* Joseph Warmup 01.app */ = {isa = PBXFileReference; explicitFileType = wrapper.application; includeInIndex = 0; path = "Joseph Warmup 01.app"; sourceTree = BUILT_PRODUCTS_DIR; };
		1D606F941BEF9E4C0029ADE4 /* AppDelegate.swift */ = {isa = PBXFileReference; lastKnownFileType = sourcecode.swift; path = AppDelegate.swift; sourceTree = "<group>"; };
		1D606F961BEF9E4C0029ADE4 /* ViewController.swift */ = {isa = PBXFileReference; lastKnownFileType = sourcecode.swift; path = ViewController.swift; sourceTree = "<group>"; };
		1D606F991BEF9E4C0029ADE4 /* Base */ = {isa = PBXFileReference; lastKnownFileType = file.storyboard; name = Base; path = Base.lproj/Main.storyboard; sourceTree = "<group>"; };
		1D606F9C1BEF9E4C0029ADE4 /* Joseph_Warmup_01.xcdatamodel */ = {isa = PBXFileReference; lastKnownFileType = wrapper.xcdatamodel; path = Joseph_Warmup_01.xcdatamodel; sourceTree = "<group>"; };
		1D606F9E1BEF9E4C0029ADE4 /* Assets.xcassets */ = {isa = PBXFileReference; lastKnownFileType = folder.assetcatalog; path = Assets.xcassets; sourceTree = "<group>"; };
		1D606FA11BEF9E4C0029ADE4 /* Base */ = {isa = PBXFileReference; lastKnownFileType = file.storyboard; name = Base; path = Base.lproj/LaunchScreen.storyboard; sourceTree = "<group>"; };
		1D606FA31BEF9E4C0029ADE4 /* Info.plist */ = {isa = PBXFileReference; lastKnownFileType = text.plist.xml; path = Info.plist; sourceTree = "<group>"; };
		1D606FA81BEF9E4C0029ADE4 /* Joseph Warmup 01Tests.xctest */ = {isa = PBXFileReference; explicitFileType = wrapper.cfbundle; includeInIndex = 0; path = "Joseph Warmup 01Tests.xctest"; sourceTree = BUILT_PRODUCTS_DIR; };
		1D606FAC1BEF9E4C0029ADE4 /* Joseph_Warmup_01Tests.swift */ = {isa = PBXFileReference; lastKnownFileType = sourcecode.swift; path = Joseph_Warmup_01Tests.swift; sourceTree = "<group>"; };
		1D606FAE1BEF9E4C0029ADE4 /* Info.plist */ = {isa = PBXFileReference; lastKnownFileType = text.plist.xml; path = Info.plist; sourceTree = "<group>"; };
		1D606FB31BEF9E4C0029ADE4 /* Joseph Warmup 01UITests.xctest */ = {isa = PBXFileReference; explicitFileType = wrapper.cfbundle; includeInIndex = 0; path = "Joseph Warmup 01UITests.xctest"; sourceTree = BUILT_PRODUCTS_DIR; };
		1D606FB71BEF9E4C0029ADE4 /* Joseph_Warmup_01UITests.swift */ = {isa = PBXFileReference; lastKnownFileType = sourcecode.swift; path = Joseph_Warmup_01UITests.swift; sourceTree = "<group>"; };
		1D606FB91BEF9E4C0029ADE4 /* Info.plist */ = {isa = PBXFileReference; lastKnownFileType = text.plist.xml; path = Info.plist; sourceTree = "<group>"; };
/* End PBXFileReference section */

/* Begin PBXFrameworksBuildPhase section */
		1D606F8E1BEF9E4C0029ADE4 /* Frameworks */ = {
			isa = PBXFrameworksBuildPhase;
			buildActionMask = 2147483647;
			files = (
			);
			runOnlyForDeploymentPostprocessing = 0;
		};
		1D606FA51BEF9E4C0029ADE4 /* Frameworks */ = {
			isa = PBXFrameworksBuildPhase;
			buildActionMask = 2147483647;
			files = (
			);
			runOnlyForDeploymentPostprocessing = 0;
		};
		1D606FB01BEF9E4C0029ADE4 /* Frameworks */ = {
			isa = PBXFrameworksBuildPhase;
			buildActionMask = 2147483647;
			files = (
			);
			runOnlyForDeploymentPostprocessing = 0;
		};
/* End PBXFrameworksBuildPhase section */

/* Begin PBXGroup section */
		1D606F881BEF9E4C0029ADE4 = {
			isa = PBXGroup;
			children = (
				1D606F931BEF9E4C0029ADE4 /* Joseph Warmup 01 */,
				1D606FAB1BEF9E4C0029ADE4 /* Joseph Warmup 01Tests */,
				1D606FB61BEF9E4C0029ADE4 /* Joseph Warmup 01UITests */,
				1D606F921BEF9E4C0029ADE4 /* Products */,
			);
			sourceTree = "<group>";
		};
		1D606F921BEF9E4C0029ADE4 /* Products */ = {
			isa = PBXGroup;
			children = (
				1D606F911BEF9E4C0029ADE4 /* Joseph Warmup 01.app */,
				1D606FA81BEF9E4C0029ADE4 /* Joseph Warmup 01Tests.xctest */,
				1D606FB31BEF9E4C0029ADE4 /* Joseph Warmup 01UITests.xctest */,
			);
			name = Products;
			sourceTree = "<group>";
		};
		1D606F931BEF9E4C0029ADE4 /* Joseph Warmup 01 */ = {
			isa = PBXGroup;
			children = (
				1D606F941BEF9E4C0029ADE4 /* AppDelegate.swift */,
				1D606F961BEF9E4C0029ADE4 /* ViewController.swift */,
				1D606F981BEF9E4C0029ADE4 /* Main.storyboard */,
				1D606F9E1BEF9E4C0029ADE4 /* Assets.xcassets */,
				1D606FA01BEF9E4C0029ADE4 /* LaunchScreen.storyboard */,
				1D606FA31BEF9E4C0029ADE4 /* Info.plist */,
				1D606F9B1BEF9E4C0029ADE4 /* Joseph_Warmup_01.xcdatamodeld */,
			);
			path = "Joseph Warmup 01";
			sourceTree = "<group>";
		};
		1D606FAB1BEF9E4C0029ADE4 /* Joseph Warmup 01Tests */ = {
			isa = PBXGroup;
			children = (
				1D606FAC1BEF9E4C0029ADE4 /* Joseph_Warmup_01Tests.swift */,
				1D606FAE1BEF9E4C0029ADE4 /* Info.plist */,
			);
			path = "Joseph Warmup 01Tests";
			sourceTree = "<group>";
		};
		1D606FB61BEF9E4C0029ADE4 /* Joseph Warmup 01UITests */ = {
			isa = PBXGroup;
			children = (
				1D606FB71BEF9E4C0029ADE4 /* Joseph_Warmup_01UITests.swift */,
				1D606FB91BEF9E4C0029ADE4 /* Info.plist */,
			);
			path = "Joseph Warmup 01UITests";
			sourceTree = "<group>";
		};
/* End PBXGroup section */

/* Begin PBXNativeTarget section */
		1D606F901BEF9E4C0029ADE4 /* Joseph Warmup 01 */ = {
			isa = PBXNativeTarget;
			buildConfigurationList = 1D606FBC1BEF9E4C0029ADE4 /* Build configuration list for PBXNativeTarget "Joseph Warmup 01" */;
			buildPhases = (
				1D606F8D1BEF9E4C0029ADE4 /* Sources */,
				1D606F8E1BEF9E4C0029ADE4 /* Frameworks */,
				1D606F8F1BEF9E4C0029ADE4 /* Resources */,
			);
			buildRules = (
			);
			dependencies = (
			);
			name = "Joseph Warmup 01";
			productName = "Joseph Warmup 01";
			productReference = 1D606F911BEF9E4C0029ADE4 /* Joseph Warmup 01.app */;
			productType = "com.apple.product-type.application";
		};
		1D606FA71BEF9E4C0029ADE4 /* Joseph Warmup 01Tests */ = {
			isa = PBXNativeTarget;
			buildConfigurationList = 1D606FBF1BEF9E4C0029ADE4 /* Build configuration list for PBXNativeTarget "Joseph Warmup 01Tests" */;
			buildPhases = (
				1D606FA41BEF9E4C0029ADE4 /* Sources */,
				1D606FA51BEF9E4C0029ADE4 /* Frameworks */,
				1D606FA61BEF9E4C0029ADE4 /* Resources */,
			);
			buildRules = (
			);
			dependencies = (
				1D606FAA1BEF9E4C0029ADE4 /* PBXTargetDependency */,
			);
			name = "Joseph Warmup 01Tests";
			productName = "Joseph Warmup 01Tests";
			productReference = 1D606FA81BEF9E4C0029ADE4 /* Joseph Warmup 01Tests.xctest */;
			productType = "com.apple.product-type.bundle.unit-test";
		};
		1D606FB21BEF9E4C0029ADE4 /* Joseph Warmup 01UITests */ = {
			isa = PBXNativeTarget;
			buildConfigurationList = 1D606FC21BEF9E4C0029ADE4 /* Build configuration list for PBXNativeTarget "Joseph Warmup 01UITests" */;
			buildPhases = (
				1D606FAF1BEF9E4C0029ADE4 /* Sources */,
				1D606FB01BEF9E4C0029ADE4 /* Frameworks */,
				1D606FB11BEF9E4C0029ADE4 /* Resources */,
			);
			buildRules = (
			);
			dependencies = (
				1D606FB51BEF9E4C0029ADE4 /* PBXTargetDependency */,
			);
			name = "Joseph Warmup 01UITests";
			productName = "Joseph Warmup 01UITests";
			productReference = 1D606FB31BEF9E4C0029ADE4 /* Joseph Warmup 01UITests.xctest */;
			productType = "com.apple.product-type.bundle.ui-testing";
		};
/* End PBXNativeTarget section */

/* Begin PBXProject section */
		1D606F891BEF9E4C0029ADE4 /* Project object */ = {
			isa = PBXProject;
			attributes = {
				LastSwiftUpdateCheck = 0710;
				LastUpgradeCheck = 0710;
				ORGANIZATIONNAME = CoolDevApps;
				TargetAttributes = {
					1D606F901BEF9E4C0029ADE4 = {
						CreatedOnToolsVersion = 7.1;
						DevelopmentTeam = FJRHYY729T;
					};
					1D606FA71BEF9E4C0029ADE4 = {
						CreatedOnToolsVersion = 7.1;
						DevelopmentTeam = FJRHYY729T;
						TestTargetID = 1D606F901BEF9E4C0029ADE4;
					};
					1D606FB21BEF9E4C0029ADE4 = {
						CreatedOnToolsVersion = 7.1;
						DevelopmentTeam = FJRHYY729T;
						TestTargetID = 1D606F901BEF9E4C0029ADE4;
					};
				};
			};
			buildConfigurationList = 1D606F8C1BEF9E4C0029ADE4 /* Build configuration list for PBXProject "Joseph Warmup 01" */;
			compatibilityVersion = "Xcode 3.2";
			developmentRegion = English;
			hasScannedForEncodings = 0;
			knownRegions = (
				en,
				Base,
			);
			mainGroup = 1D606F881BEF9E4C0029ADE4;
			productRefGroup = 1D606F921BEF9E4C0029ADE4 /* Products */;
			projectDirPath = "";
			projectRoot = "";
			targets = (
				1D606F901BEF9E4C0029ADE4 /* Joseph Warmup 01 */,
				1D606FA71BEF9E4C0029ADE4 /* Joseph Warmup 01Tests */,
				1D606FB21BEF9E4C0029ADE4 /* Joseph Warmup 01UITests */,
			);
		};
/* End PBXProject section */

/* Begin PBXResourcesBuildPhase section */
		1D606F8F1BEF9E4C0029ADE4 /* Resources */ = {
			isa = PBXResourcesBuildPhase;
			buildActionMask = 2147483647;
			files = (
				1D606FA21BEF9E4C0029ADE4 /* LaunchScreen.storyboard in Resources */,
				1D606F9F1BEF9E4C0029ADE4 /* Assets.xcassets in Resources */,
				1D606F9A1BEF9E4C0029ADE4 /* Main.storyboard in Resources */,
			);
			runOnlyForDeploymentPostprocessing = 0;
		};
		1D606FA61BEF9E4C0029ADE4 /* Resources */ = {
			isa = PBXResourcesBuildPhase;
			buildActionMask = 2147483647;
			files = (
			);
			runOnlyForDeploymentPostprocessing = 0;
		};
		1D606FB11BEF9E4C0029ADE4 /* Resources */ = {
			isa = PBXResourcesBuildPhase;
			buildActionMask = 2147483647;
			files = (
			);
			runOnlyForDeploymentPostprocessing = 0;
		};
/* End PBXResourcesBuildPhase section */

/* Begin PBXSourcesBuildPhase section */
		1D606F8D1BEF9E4C0029ADE4 /* Sources */ = {
			isa = PBXSourcesBuildPhase;
			buildActionMask = 2147483647;
			files = (
				1D606F971BEF9E4C0029ADE4 /* ViewController.swift in Sources */,
				1D606F951BEF9E4C0029ADE4 /* AppDelegate.swift in Sources */,
				1D606F9D1BEF9E4C0029ADE4 /* Joseph_Warmup_01.xcdatamodeld in Sources */,
			);
			runOnlyForDeploymentPostprocessing = 0;
		};
		1D606FA41BEF9E4C0029ADE4 /* Sources */ = {
			isa = PBXSourcesBuildPhase;
			buildActionMask = 2147483647;
			files = (
				1D606FAD1BEF9E4C0029ADE4 /* Joseph_Warmup_01Tests.swift in Sources */,
			);
			runOnlyForDeploymentPostprocessing = 0;
		};
		1D606FAF1BEF9E4C0029ADE4 /* Sources */ = {
			isa = PBXSourcesBuildPhase;
			buildActionMask = 2147483647;
			files = (
				1D606FB81BEF9E4C0029ADE4 /* Joseph_Warmup_01UITests.swift in Sources */,
			);
			runOnlyForDeploymentPostprocessing = 0;
		};
/* End PBXSourcesBuildPhase section */

/* Begin PBXTargetDependency section */
		1D606FAA1BEF9E4C0029ADE4 /* PBXTargetDependency */ = {
			isa = PBXTargetDependency;
			target = 1D606F901BEF9E4C0029ADE4 /* Joseph Warmup 01 */;
			targetProxy = 1D606FA91BEF9E4C0029ADE4 /* PBXContainerItemProxy */;
		};
		1D606FB51BEF9E4C0029ADE4 /* PBXTargetDependency */ = {
			isa = PBXTargetDependency;
			target = 1D606F901BEF9E4C0029ADE4 /* Joseph Warmup 01 */;
			targetProxy = 1D606FB41BEF9E4C0029ADE4 /* PBXContainerItemProxy */;
		};
/* End PBXTargetDependency section */

/* Begin PBXVariantGroup section */
		1D606F981BEF9E4C0029ADE4 /* Main.storyboard */ = {
			isa = PBXVariantGroup;
			children = (
				1D606F991BEF9E4C0029ADE4 /* Base */,
			);
			name = Main.storyboard;
			sourceTree = "<group>";
		};
		1D606FA01BEF9E4C0029ADE4 /* LaunchScreen.storyboard */ = {
			isa = PBXVariantGroup;
			children = (
				1D606FA11BEF9E4C0029ADE4 /* Base */,
			);
			name = LaunchScreen.storyboard;
			sourceTree = "<group>";
		};
/* End PBXVariantGroup section */

/* Begin XCBuildConfiguration section */
		1D606FBA1BEF9E4C0029ADE4 /* Debug */ = {
			isa = XCBuildConfiguration;
			buildSettings = {
				ALWAYS_SEARCH_USER_PATHS = NO;
				CLANG_CXX_LANGUAGE_STANDARD = "gnu++0x";
				CLANG_CXX_LIBRARY = "libc++";
				CLANG_ENABLE_MODULES = YES;
				CLANG_ENABLE_OBJC_ARC = YES;
				CLANG_WARN_BOOL_CONVERSION = YES;
				CLANG_WARN_CONSTANT_CONVERSION = YES;
				CLANG_WARN_DIRECT_OBJC_ISA_USAGE = YES_ERROR;
				CLANG_WARN_EMPTY_BODY = YES;
				CLANG_WARN_ENUM_CONVERSION = YES;
				CLANG_WARN_INT_CONVERSION = YES;
				CLANG_WARN_OBJC_ROOT_CLASS = YES_ERROR;
				CLANG_WARN_UNREACHABLE_CODE = YES;
				CLANG_WARN__DUPLICATE_METHOD_MATCH = YES;
				"CODE_SIGN_IDENTITY[sdk=iphoneos*]" = "iPhone Developer";
				COPY_PHASE_STRIP = NO;
				DEBUG_INFORMATION_FORMAT = dwarf;
				ENABLE_STRICT_OBJC_MSGSEND = YES;
				ENABLE_TESTABILITY = YES;
				GCC_C_LANGUAGE_STANDARD = gnu99;
				GCC_DYNAMIC_NO_PIC = NO;
				GCC_NO_COMMON_BLOCKS = YES;
				GCC_OPTIMIZATION_LEVEL = 0;
				GCC_PREPROCESSOR_DEFINITIONS = (
					"DEBUG=1",
					"$(inherited)",
				);
				GCC_WARN_64_TO_32_BIT_CONVERSION = YES;
				GCC_WARN_ABOUT_RETURN_TYPE = YES_ERROR;
				GCC_WARN_UNDECLARED_SELECTOR = YES;
				GCC_WARN_UNINITIALIZED_AUTOS = YES_AGGRESSIVE;
				GCC_WARN_UNUSED_FUNCTION = YES;
				GCC_WARN_UNUSED_VARIABLE = YES;
				IPHONEOS_DEPLOYMENT_TARGET = 9.1;
				MTL_ENABLE_DEBUG_INFO = YES;
				ONLY_ACTIVE_ARCH = YES;
				SDKROOT = iphoneos;
				SWIFT_OPTIMIZATION_LEVEL = "-Onone";
			};
			name = Debug;
		};
		1D606FBB1BEF9E4C0029ADE4 /* Release */ = {
			isa = XCBuildConfiguration;
			buildSettings = {
				ALWAYS_SEARCH_USER_PATHS = NO;
				CLANG_CXX_LANGUAGE_STANDARD = "gnu++0x";
				CLANG_CXX_LIBRARY = "libc++";
				CLANG_ENABLE_MODULES = YES;
				CLANG_ENABLE_OBJC_ARC = YES;
				CLANG_WARN_BOOL_CONVERSION = YES;
				CLANG_WARN_CONSTANT_CONVERSION = YES;
				CLANG_WARN_DIRECT_OBJC_ISA_USAGE = YES_ERROR;
				CLANG_WARN_EMPTY_BODY = YES;
				CLANG_WARN_ENUM_CONVERSION = YES;
				CLANG_WARN_INT_CONVERSION = YES;
				CLANG_WARN_OBJC_ROOT_CLASS = YES_ERROR;
				CLANG_WARN_UNREACHABLE_CODE = YES;
				CLANG_WARN__DUPLICATE_METHOD_MATCH = YES;
				"CODE_SIGN_IDENTITY[sdk=iphoneos*]" = "iPhone Developer";
				COPY_PHASE_STRIP = NO;
				DEBUG_INFORMATION_FORMAT = "dwarf-with-dsym";
				ENABLE_NS_ASSERTIONS = NO;
				ENABLE_STRICT_OBJC_MSGSEND = YES;
				GCC_C_LANGUAGE_STANDARD = gnu99;
				GCC_NO_COMMON_BLOCKS = YES;
				GCC_WARN_64_TO_32_BIT_CONVERSION = YES;
				GCC_WARN_ABOUT_RETURN_TYPE = YES_ERROR;
				GCC_WARN_UNDECLARED_SELECTOR = YES;
				GCC_WARN_UNINITIALIZED_AUTOS = YES_AGGRESSIVE;
				GCC_WARN_UNUSED_FUNCTION = YES;
				GCC_WARN_UNUSED_VARIABLE = YES;
				IPHONEOS_DEPLOYMENT_TARGET = 9.1;
				MTL_ENABLE_DEBUG_INFO = NO;
				SDKROOT = iphoneos;
				VALIDATE_PRODUCT = YES;
			};
			name = Release;
		};
		1D606FBD1BEF9E4C0029ADE4 /* Debug */ = {
			isa = XCBuildConfiguration;
			buildSettings = {
				ASSETCATALOG_COMPILER_APPICON_NAME = AppIcon;
				INFOPLIST_FILE = "Joseph Warmup 01/Info.plist";
				LD_RUNPATH_SEARCH_PATHS = "$(inherited) @executable_path/Frameworks";
				PRODUCT_BUNDLE_IDENTIFIER = "com.CoolDevApps.Joseph-Warmup-01";
				PRODUCT_NAME = "$(TARGET_NAME)";
			};
			name = Debug;
		};
		1D606FBE1BEF9E4C0029ADE4 /* Release */ = {
			isa = XCBuildConfiguration;
			buildSettings = {
				ASSETCATALOG_COMPILER_APPICON_NAME = AppIcon;
				INFOPLIST_FILE = "Joseph Warmup 01/Info.plist";
				LD_RUNPATH_SEARCH_PATHS = "$(inherited) @executable_path/Frameworks";
				PRODUCT_BUNDLE_IDENTIFIER = "com.CoolDevApps.Joseph-Warmup-01";
				PRODUCT_NAME = "$(TARGET_NAME)";
			};
			name = Release;
		};
		1D606FC01BEF9E4C0029ADE4 /* Debug */ = {
			isa = XCBuildConfiguration;
			buildSettings = {
				BUNDLE_LOADER = "$(TEST_HOST)";
				INFOPLIST_FILE = "Joseph Warmup 01Tests/Info.plist";
				LD_RUNPATH_SEARCH_PATHS = "$(inherited) @executable_path/Frameworks @loader_path/Frameworks";
				PRODUCT_BUNDLE_IDENTIFIER = "com.CoolDevApps.Joseph-Warmup-01Tests";
				PRODUCT_NAME = "$(TARGET_NAME)";
				TEST_HOST = "$(BUILT_PRODUCTS_DIR)/Joseph Warmup 01.app/Joseph Warmup 01";
			};
			name = Debug;
		};
		1D606FC11BEF9E4C0029ADE4 /* Release */ = {
			isa = XCBuildConfiguration;
			buildSettings = {
				BUNDLE_LOADER = "$(TEST_HOST)";
				INFOPLIST_FILE = "Joseph Warmup 01Tests/Info.plist";
				LD_RUNPATH_SEARCH_PATHS = "$(inherited) @executable_path/Frameworks @loader_path/Frameworks";
				PRODUCT_BUNDLE_IDENTIFIER = "com.CoolDevApps.Joseph-Warmup-01Tests";
				PRODUCT_NAME = "$(TARGET_NAME)";
				TEST_HOST = "$(BUILT_PRODUCTS_DIR)/Joseph Warmup 01.app/Joseph Warmup 01";
			};
			name = Release;
		};
		1D606FC31BEF9E4C0029ADE4 /* Debug */ = {
			isa = XCBuildConfiguration;
			buildSettings = {
				INFOPLIST_FILE = "Joseph Warmup 01UITests/Info.plist";
				LD_RUNPATH_SEARCH_PATHS = "$(inherited) @executable_path/Frameworks @loader_path/Frameworks";
				PRODUCT_BUNDLE_IDENTIFIER = "com.CoolDevApps.Joseph-Warmup-01UITests";
				PRODUCT_NAME = "$(TARGET_NAME)";
				TEST_TARGET_NAME = "Joseph Warmup 01";
				USES_XCTRUNNER = YES;
			};
			name = Debug;
		};
		1D606FC41BEF9E4C0029ADE4 /* Release */ = {
			isa = XCBuildConfiguration;
			buildSettings = {
				INFOPLIST_FILE = "Joseph Warmup 01UITests/Info.plist";
				LD_RUNPATH_SEARCH_PATHS = "$(inherited) @executable_path/Frameworks @loader_path/Frameworks";
				PRODUCT_BUNDLE_IDENTIFIER = "com.CoolDevApps.Joseph-Warmup-01UITests";
				PRODUCT_NAME = "$(TARGET_NAME)";
				TEST_TARGET_NAME = "Joseph Warmup 01";
				USES_XCTRUNNER = YES;
			};
			name = Release;
		};
/* End XCBuildConfiguration section */

/* Begin XCConfigurationList section */
		1D606F8C1BEF9E4C0029ADE4 /* Build configuration list for PBXProject "Joseph Warmup 01" */ = {
			isa = XCConfigurationList;
			buildConfigurations = (
				1D606FBA1BEF9E4C0029ADE4 /* Debug */,
				1D606FBB1BEF9E4C0029ADE4 /* Release */,
			);
			defaultConfigurationIsVisible = 0;
			defaultConfigurationName = Release;
		};
		1D606FBC1BEF9E4C0029ADE4 /* Build configuration list for PBXNativeTarget "Joseph Warmup 01" */ = {
			isa = XCConfigurationList;
			buildConfigurations = (
				1D606FBD1BEF9E4C0029ADE4 /* Debug */,
				1D606FBE1BEF9E4C0029ADE4 /* Release */,
			);
			defaultConfigurationIsVisible = 0;
		};
		1D606FBF1BEF9E4C0029ADE4 /* Build configuration list for PBXNativeTarget "Joseph Warmup 01Tests" */ = {
			isa = XCConfigurationList;
			buildConfigurations = (
				1D606FC01BEF9E4C0029ADE4 /* Debug */,
				1D606FC11BEF9E4C0029ADE4 /* Release */,
			);
			defaultConfigurationIsVisible = 0;
		};
		1D606FC21BEF9E4C0029ADE4 /* Build configuration list for PBXNativeTarget "Joseph Warmup 01UITests" */ = {
			isa = XCConfigurationList;
			buildConfigurations = (
				1D606FC31BEF9E4C0029ADE4 /* Debug */,
				1D606FC41BEF9E4C0029ADE4 /* Release */,
			);
			defaultConfigurationIsVisible = 0;
		};
/* End XCConfigurationList section */

/* Begin XCVersionGroup section */
		1D606F9B1BEF9E4C0029ADE4 /* Joseph_Warmup_01.xcdatamodeld */ = {
			isa = XCVersionGroup;
			children = (
				1D606F9C1BEF9E4C0029ADE4 /* Joseph_Warmup_01.xcdatamodel */,
			);
			currentVersion = 1D606F9C1BEF9E4C0029ADE4 /* Joseph_Warmup_01.xcdatamodel */;
			path = Joseph_Warmup_01.xcdatamodeld;
			sourceTree = "<group>";
			versionGroupType = wrapper.xcdatamodel;
		};
/* End XCVersionGroup section */
	};
	rootObject = 1D606F891BEF9E4C0029ADE4 /* Project object */;
}
